{
    "_meta": {
        "hash": {
            "sha256": "736ff34a1efecf46bba420e81a7f30499ca71e13a4da27cadba0009dcdbadd4d"
        },
        "pipfile-spec": 6,
        "requires": {
            "python_version": "3.10"
        },
        "sources": [
            {
                "name": "pypi",
                "url": "https://pypi.org/simple",
                "verify_ssl": true
            }
        ]
    },
    "default": {
        "plotly": {
            "hashes": [
                "sha256:9acf168915101caac82ed6da3390840c622d9d4e4a78cbe1260f52501efc3117",
                "sha256:b0536e72bbc0b3cf169ac1fd00759d77aae7bb12ae378cdc75c5dc362f5de576"
            ],
            "index": "pypi",
            "version": "==5.9.0"
        },
        "tenacity": {
            "hashes": [
                "sha256:43242a20e3e73291a28bcbcacfd6e000b02d3857a9a9fff56b297a27afdc932f",
                "sha256:f78f4ea81b0fabc06728c11dc2a8c01277bfc5181b321a4770471902e3eb844a"
            ],
            "markers": "python_version >= '3.6'",
            "version": "==8.0.1"
        }
    },
    "develop": {}
}
